
Microsoft Visual Studio Solution File, Format Version 12.00
# Visual Studio 15
VisualStudioVersion = 15.0.28010.2016
MinimumVisualStudioVersion = 10.0.40219.1
Project("{9A19103F-16F7-4668-BE54-9A1E7A4F7556}") = "ExampleApp", "ExampleApp\ExampleApp.csproj", "{91BBFBC0-4D65-47E0-8DEC-39941C17C117}"
EndProject
Project("{9A19103F-16F7-4668-BE54-9A1E7A4F7556}") = "Yelp.Api", "..\Yelp.Api\Yelp.Api.csproj", "{9E476308-A60B-4B49-A88A-435AC04D79CE}"
EndProject
Project("{9A19103F-16F7-4668-BE54-9A1E7A4F7556}") = "Yelp.Api.Test", "..\Yelp.Api.Test\Yelp.Api.Test.csproj", "{D6D201C1-D154-460A-BDBB-E9A881FD1A7F}"
EndProject
Global
	GlobalSection(SolutionConfigurationPlatforms) = preSolution
		Debug|Any CPU = Debug|Any CPU
		Release|Any CPU = Release|Any CPU
	EndGlobalSection
	GlobalSection(ProjectConfigurationPlatforms) = postSolution
		{91BBFBC0-4D65-47E0-8DEC-39941C17C117}.Debug|Any CPU.ActiveCfg = Debug|Any CPU
		{91BBFBC0-4D65-47E0-8DEC-39941C17C117}.Debug|Any CPU.Build.0 = Debug|Any CPU
		{91BBFBC0-4D65-47E0-8DEC-39941C17C117}.Release|Any CPU.ActiveCfg = Release|Any CPU
		{91BBFBC0-4D65-47E0-8DEC-39941C17C117}.Release|Any CPU.Build.0 = Release|Any CPU
		{9E476308-A60B-4B49-A88A-435AC04D79CE}.Debug|Any CPU.ActiveCfg = Debug|Any CPU
		{9E476308-A60B-4B49-A88A-435AC04D79CE}.Debug|Any CPU.Build.0 = Debug|Any CPU
		{9E476308-A60B-4B49-A88A-435AC04D79CE}.Release|Any CPU.ActiveCfg = Release|Any CPU
		{9E476308-A60B-4B49-A88A-435AC04D79CE}.Release|Any CPU.Build.0 = Release|Any CPU
		{D6D201C1-D154-460A-BDBB-E9A881FD1A7F}.Debug|Any CPU.ActiveCfg = Debug|Any CPU
		{D6D201C1-D154-460A-BDBB-E9A881FD1A7F}.Debug|Any CPU.Build.0 = Debug|Any CPU
		{D6D201C1-D154-460A-BDBB-E9A881FD1A7F}.Release|Any CPU.ActiveCfg = Release|Any CPU
		{D6D201C1-D154-460A-BDBB-E9A881FD1A7F}.Release|Any CPU.Build.0 = Release|Any CPU
	EndGlobalSection
	GlobalSection(SolutionProperties) = preSolution
		HideSolutionNode = FALSE
	EndGlobalSection
	GlobalSection(ExtensibilityGlobals) = postSolution
		SolutionGuid = {C38FAB5B-8508-48DF-A77D-49A5027149EC}
	EndGlobalSection
EndGlobal
